
Microsoft Visual Studio Solution File, Format Version 12.00
# Visual Studio Version 17
VisualStudioVersion = 17.0.31919.166
MinimumVisualStudioVersion = 10.0.40219.1
Project("{2150E333-8FDC-42A3-9474-1A3956D46DE8}") = "proto", "proto", "{5D3F6091-868D-47C6-8531-CA3E22341810}"
	ProjectSection(SolutionItems) = preProject
		average.proto = average.proto
		dummy.proto = dummy.proto
		greeting.proto = greeting.proto
		sum.proto = sum.proto
	EndProjectSection
EndProject
Project("{9A19103F-16F7-4668-BE54-9A1E7A4F7556}") = "client", "client\client.csproj", "{96EA4955-D8BF-4952-B73B-9D875E48FA07}"
EndProject
Project("{9A19103F-16F7-4668-BE54-9A1E7A4F7556}") = "server", "server\server.csproj", "{5CB73B60-D25F-4D97-93F1-7D2828C371E2}"
EndProject
Global
	GlobalSection(SolutionConfigurationPlatforms) = preSolution
		Debug|Any CPU = Debug|Any CPU
		Release|Any CPU = Release|Any CPU
	EndGlobalSection
	GlobalSection(ProjectConfigurationPlatforms) = postSolution
		{96EA4955-D8BF-4952-B73B-9D875E48FA07}.Debug|Any CPU.ActiveCfg = Debug|Any CPU
		{96EA4955-D8BF-4952-B73B-9D875E48FA07}.Debug|Any CPU.Build.0 = Debug|Any CPU
		{96EA4955-D8BF-4952-B73B-9D875E48FA07}.Release|Any CPU.ActiveCfg = Release|Any CPU
		{96EA4955-D8BF-4952-B73B-9D875E48FA07}.Release|Any CPU.Build.0 = Release|Any CPU
		{5CB73B60-D25F-4D97-93F1-7D2828C371E2}.Debug|Any CPU.ActiveCfg = Debug|Any CPU
		{5CB73B60-D25F-4D97-93F1-7D2828C371E2}.Debug|Any CPU.Build.0 = Debug|Any CPU
		{5CB73B60-D25F-4D97-93F1-7D2828C371E2}.Release|Any CPU.ActiveCfg = Release|Any CPU
		{5CB73B60-D25F-4D97-93F1-7D2828C371E2}.Release|Any CPU.Build.0 = Release|Any CPU
	EndGlobalSection
	GlobalSection(SolutionProperties) = preSolution
		HideSolutionNode = FALSE
	EndGlobalSection
	GlobalSection(ExtensibilityGlobals) = postSolution
		SolutionGuid = {756DB2BD-43C4-4B87-8C73-F996FAA6A8E6}
	EndGlobalSection
EndGlobal
